
Microsoft Visual Studio Solution File, Format Version 12.00
# Visual Studio Version 17
VisualStudioVersion = 17.14.36511.14 d17.14
MinimumVisualStudioVersion = 10.0.40219.1
Project("{2150E333-8FDC-42A3-9474-1A3956D46DE8}") = "Task0", "Task0", "{02EA681E-C7D8-13C7-8484-4AC65E1B71E8}"
EndProject
Project("{FAE04EC0-301F-11D3-BF4B-00C04F79EFBC}") = "Tyuiu.MalchikhinaVV.Sprint0.Task0.V0", "Tyuiu.MalchikhinaVV.Sprint0.Task0.V0\Tyuiu.MalchikhinaVV.Sprint0.Task0.V0.csproj", "{D2A3FA0C-599A-426D-A37A-4504F2A25F0A}"
EndProject
Project("{2150E333-8FDC-42A3-9474-1A3956D46DE8}") = "Task1", "Task1", "{D20B7C90-1F52-4350-9C72-AC9B2921D03F}"
EndProject
Project("{FAE04EC0-301F-11D3-BF4B-00C04F79EFBC}") = "Tyuiu.MalchikhinaVV.Sprint0.Task1.V0", "Tyuiu.MalchikhinaVV.Sprint0.Task1.V0\Tyuiu.MalchikhinaVV.Sprint0.Task1.V0.csproj", "{178A4A38-896E-498D-9895-8F6268228385}"
EndProject
Project("{2150E333-8FDC-42A3-9474-1A3956D46DE8}") = "Task2", "Task2", "{B69046C7-1C14-4449-9E17-EC91B7E15363}"
EndProject
Project("{FAE04EC0-301F-11D3-BF4B-00C04F79EFBC}") = "Tyuiu.MalchikhinaVV.Sprint0.Task2.V0", "Tyuiu.MalchikhinaVV.Sprint0.Task2.V0\Tyuiu.MalchikhinaVV.Sprint0.Task2.V0.csproj", "{6BEC446C-9F3A-48B3-9A12-47E8531C1BB1}"
EndProject
Project("{FAE04EC0-301F-11D3-BF4B-00C04F79EFBC}") = "Tyuiu.MalchikhinaVV.Sprint0.Task2.V0.Lib", "Tyuiu.MalchikhinaVV.Sprint0.Task2.V0.Lib\Tyuiu.MalchikhinaVV.Sprint0.Task2.V0.Lib.csproj", "{20438601-4ECF-4C17-B5E0-E29EAFACC4FB}"
EndProject
Project("{FAE04EC0-301F-11D3-BF4B-00C04F79EFBC}") = "Tyuiu.MalchikhinaVV.Sprint0.Task2.V0.Test", "Tyuiu.MalchikhinaVV.Sprint0.Task2.V0.Test\Tyuiu.MalchikhinaVV.Sprint0.Task2.V0.Test.csproj", "{E9C39702-1194-4634-9F8C-DF15566C86CD}"
EndProject
Project("{2150E333-8FDC-42A3-9474-1A3956D46DE8}") = "Task3", "Task3", "{883EA004-6B7F-41C4-BD81-FA3EF829704D}"
EndProject
Project("{FAE04EC0-301F-11D3-BF4B-00C04F79EFBC}") = "Tyuiu.MalchikhinaVV.Sprint0.Task3.V0", "Tyuiu.MalchikhinaVV.Sprint0.Task3.V0\Tyuiu.MalchikhinaVV.Sprint0.Task3.V0.csproj", "{1D180946-2F79-46D0-A6A9-C758A843C396}"
EndProject
Project("{FAE04EC0-301F-11D3-BF4B-00C04F79EFBC}") = "Tyuiu.MalchikhinaVV.Sprint0.Task3.V0.Lib", "Tyuiu.MalchikhinaVV.Sprint0.Task3.V0.Lib\Tyuiu.MalchikhinaVV.Sprint0.Task3.V0.Lib.csproj", "{5E1CDB0C-8281-4AB4-BE62-F5769DEEE9D9}"
EndProject
Project("{FAE04EC0-301F-11D3-BF4B-00C04F79EFBC}") = "Tyuiu.MalchikhinaVV.Sprint0.Task3.V0.Test", "Tyuiu.MalchikhinaVV.Sprint0.Task3.V0.Test\Tyuiu.MalchikhinaVV.Sprint0.Task3.V0.Test.csproj", "{FAF75400-E3EE-4B8F-897E-2BF331ED647E}"
EndProject
Project("{2150E333-8FDC-42A3-9474-1A3956D46DE8}") = "Task4", "Task4", "{E8AB7A9F-3D77-46D3-AF75-AFDFC211510F}"
EndProject
Project("{FAE04EC0-301F-11D3-BF4B-00C04F79EFBC}") = "Tyuiu.MalchikhinaVV.Sprint0.Task4.V0", "Tyuiu.MalchikhinaVV.Sprint0.Task4.V0\Tyuiu.MalchikhinaVV.Sprint0.Task4.V0.csproj", "{C5C976C6-FA28-4D26-9FB7-8F686204C1A1}"
EndProject
Project("{FAE04EC0-301F-11D3-BF4B-00C04F79EFBC}") = "Tyuiu.MalchikhinaVV.Sprint0.Task4.V0.Lib", "Tyuiu.MalchikhinaVV.Sprint0.Task4.V0.Lib\Tyuiu.MalchikhinaVV.Sprint0.Task4.V0.Lib.csproj", "{F3468D6D-BC6E-4C8E-BD80-A8BAF092D7FF}"
EndProject
Project("{FAE04EC0-301F-11D3-BF4B-00C04F79EFBC}") = "Tyuiu.MalchikhinaVV.Sprint0.Task4.V0.Test", "Tyuiu.MalchikhinaVV.Sprint0.Task4.V0.Test\Tyuiu.MalchikhinaVV.Sprint0.Task4.V0.Test.csproj", "{765AB0E9-39EE-46E9-8999-2B48910AD4F4}"
EndProject
Global
	GlobalSection(SolutionConfigurationPlatforms) = preSolution
		Debug|Any CPU = Debug|Any CPU
		Release|Any CPU = Release|Any CPU
	EndGlobalSection
	GlobalSection(ProjectConfigurationPlatforms) = postSolution
		{D2A3FA0C-599A-426D-A37A-4504F2A25F0A}.Debug|Any CPU.ActiveCfg = Debug|Any CPU
		{D2A3FA0C-599A-426D-A37A-4504F2A25F0A}.Debug|Any CPU.Build.0 = Debug|Any CPU
		{D2A3FA0C-599A-426D-A37A-4504F2A25F0A}.Release|Any CPU.ActiveCfg = Release|Any CPU
		{D2A3FA0C-599A-426D-A37A-4504F2A25F0A}.Release|Any CPU.Build.0 = Release|Any CPU
		{178A4A38-896E-498D-9895-8F6268228385}.Debug|Any CPU.ActiveCfg = Debug|Any CPU
		{178A4A38-896E-498D-9895-8F6268228385}.Debug|Any CPU.Build.0 = Debug|Any CPU
		{178A4A38-896E-498D-9895-8F6268228385}.Release|Any CPU.ActiveCfg = Release|Any CPU
		{178A4A38-896E-498D-9895-8F6268228385}.Release|Any CPU.Build.0 = Release|Any CPU
		{6BEC446C-9F3A-48B3-9A12-47E8531C1BB1}.Debug|Any CPU.ActiveCfg = Debug|Any CPU
		{6BEC446C-9F3A-48B3-9A12-47E8531C1BB1}.Debug|Any CPU.Build.0 = Debug|Any CPU
		{6BEC446C-9F3A-48B3-9A12-47E8531C1BB1}.Release|Any CPU.ActiveCfg = Release|Any CPU
		{6BEC446C-9F3A-48B3-9A12-47E8531C1BB1}.Release|Any CPU.Build.0 = Release|Any CPU
		{20438601-4ECF-4C17-B5E0-E29EAFACC4FB}.Debug|Any CPU.ActiveCfg = Debug|Any CPU
		{20438601-4ECF-4C17-B5E0-E29EAFACC4FB}.Debug|Any CPU.Build.0 = Debug|Any CPU
		{20438601-4ECF-4C17-B5E0-E29EAFACC4FB}.Release|Any CPU.ActiveCfg = Release|Any CPU
		{20438601-4ECF-4C17-B5E0-E29EAFACC4FB}.Release|Any CPU.Build.0 = Release|Any CPU
		{E9C39702-1194-4634-9F8C-DF15566C86CD}.Debug|Any CPU.ActiveCfg = Debug|Any CPU
		{E9C39702-1194-4634-9F8C-DF15566C86CD}.Debug|Any CPU.Build.0 = Debug|Any CPU
		{E9C39702-1194-4634-9F8C-DF15566C86CD}.Release|Any CPU.ActiveCfg = Release|Any CPU
		{E9C39702-1194-4634-9F8C-DF15566C86CD}.Release|Any CPU.Build.0 = Release|Any CPU
		{1D180946-2F79-46D0-A6A9-C758A843C396}.Debug|Any CPU.ActiveCfg = Debug|Any CPU
		{1D180946-2F79-46D0-A6A9-C758A843C396}.Debug|Any CPU.Build.0 = Debug|Any CPU
		{1D180946-2F79-46D0-A6A9-C758A843C396}.Release|Any CPU.ActiveCfg = Release|Any CPU
		{1D180946-2F79-46D0-A6A9-C758A843C396}.Release|Any CPU.Build.0 = Release|Any CPU
		{5E1CDB0C-8281-4AB4-BE62-F5769DEEE9D9}.Debug|Any CPU.ActiveCfg = Debug|Any CPU
		{5E1CDB0C-8281-4AB4-BE62-F5769DEEE9D9}.Debug|Any CPU.Build.0 = Debug|Any CPU
		{5E1CDB0C-8281-4AB4-BE62-F5769DEEE9D9}.Release|Any CPU.ActiveCfg = Release|Any CPU
		{5E1CDB0C-8281-4AB4-BE62-F5769DEEE9D9}.Release|Any CPU.Build.0 = Release|Any CPU
		{FAF75400-E3EE-4B8F-897E-2BF331ED647E}.Debug|Any CPU.ActiveCfg = Debug|Any CPU
		{FAF75400-E3EE-4B8F-897E-2BF331ED647E}.Debug|Any CPU.Build.0 = Debug|Any CPU
		{FAF75400-E3EE-4B8F-897E-2BF331ED647E}.Release|Any CPU.ActiveCfg = Release|Any CPU
		{FAF75400-E3EE-4B8F-897E-2BF331ED647E}.Release|Any CPU.Build.0 = Release|Any CPU
		{C5C976C6-FA28-4D26-9FB7-8F686204C1A1}.Debug|Any CPU.ActiveCfg = Debug|Any CPU
		{C5C976C6-FA28-4D26-9FB7-8F686204C1A1}.Debug|Any CPU.Build.0 = Debug|Any CPU
		{C5C976C6-FA28-4D26-9FB7-8F686204C1A1}.Release|Any CPU.ActiveCfg = Release|Any CPU
		{C5C976C6-FA28-4D26-9FB7-8F686204C1A1}.Release|Any CPU.Build.0 = Release|Any CPU
		{F3468D6D-BC6E-4C8E-BD80-A8BAF092D7FF}.Debug|Any CPU.ActiveCfg = Debug|Any CPU
		{F3468D6D-BC6E-4C8E-BD80-A8BAF092D7FF}.Debug|Any CPU.Build.0 = Debug|Any CPU
		{F3468D6D-BC6E-4C8E-BD80-A8BAF092D7FF}.Release|Any CPU.ActiveCfg = Release|Any CPU
		{F3468D6D-BC6E-4C8E-BD80-A8BAF092D7FF}.Release|Any CPU.Build.0 = Release|Any CPU
		{765AB0E9-39EE-46E9-8999-2B48910AD4F4}.Debug|Any CPU.ActiveCfg = Debug|Any CPU
		{765AB0E9-39EE-46E9-8999-2B48910AD4F4}.Debug|Any CPU.Build.0 = Debug|Any CPU
		{765AB0E9-39EE-46E9-8999-2B48910AD4F4}.Release|Any CPU.ActiveCfg = Release|Any CPU
		{765AB0E9-39EE-46E9-8999-2B48910AD4F4}.Release|Any CPU.Build.0 = Release|Any CPU
	EndGlobalSection
	GlobalSection(SolutionProperties) = preSolution
		HideSolutionNode = FALSE
	EndGlobalSection
	GlobalSection(NestedProjects) = preSolution
		{D2A3FA0C-599A-426D-A37A-4504F2A25F0A} = {02EA681E-C7D8-13C7-8484-4AC65E1B71E8}
		{178A4A38-896E-498D-9895-8F6268228385} = {D20B7C90-1F52-4350-9C72-AC9B2921D03F}
		{6BEC446C-9F3A-48B3-9A12-47E8531C1BB1} = {B69046C7-1C14-4449-9E17-EC91B7E15363}
		{20438601-4ECF-4C17-B5E0-E29EAFACC4FB} = {B69046C7-1C14-4449-9E17-EC91B7E15363}
		{E9C39702-1194-4634-9F8C-DF15566C86CD} = {B69046C7-1C14-4449-9E17-EC91B7E15363}
		{1D180946-2F79-46D0-A6A9-C758A843C396} = {883EA004-6B7F-41C4-BD81-FA3EF829704D}
		{5E1CDB0C-8281-4AB4-BE62-F5769DEEE9D9} = {883EA004-6B7F-41C4-BD81-FA3EF829704D}
		{FAF75400-E3EE-4B8F-897E-2BF331ED647E} = {883EA004-6B7F-41C4-BD81-FA3EF829704D}
		{C5C976C6-FA28-4D26-9FB7-8F686204C1A1} = {E8AB7A9F-3D77-46D3-AF75-AFDFC211510F}
		{F3468D6D-BC6E-4C8E-BD80-A8BAF092D7FF} = {E8AB7A9F-3D77-46D3-AF75-AFDFC211510F}
		{765AB0E9-39EE-46E9-8999-2B48910AD4F4} = {E8AB7A9F-3D77-46D3-AF75-AFDFC211510F}
	EndGlobalSection
	GlobalSection(ExtensibilityGlobals) = postSolution
		SolutionGuid = {E461DECB-6B35-4FE8-A2C8-2D6736BAE00F}
	EndGlobalSection
EndGlobal
